// !$*UTF8*$!
{
	archiveVersion = 1;
	classes = {
	};
	objectVersion = 77;
	objects = {

/* Begin PBXBuildFile section */
		52017D9C2D357BBC00626DAE /* GoogleSignIn in Frameworks */ = {isa = PBXBuildFile; productRef = 52017D9B2D357BBC00626DAE /* GoogleSignIn */; };
		52017D9E2D357BBC00626DAE /* GoogleSignInSwift in Frameworks */ = {isa = PBXBuildFile; productRef = 52017D9D2D357BBC00626DAE /* GoogleSignInSwift */; };
		524771532D37DD69002B09FE /* FirebaseAnalytics in Frameworks */ = {isa = PBXBuildFile; productRef = 524771522D37DD69002B09FE /* FirebaseAnalytics */; };
		524771552D37DD69002B09FE /* FirebaseAnalyticsOnDeviceConversion in Frameworks */ = {isa = PBXBuildFile; productRef = 524771542D37DD69002B09FE /* FirebaseAnalyticsOnDeviceConversion */; };
		524771572D37DD69002B09FE /* FirebaseAnalyticsWithoutAdIdSupport in Frameworks */ = {isa = PBXBuildFile; productRef = 524771562D37DD69002B09FE /* FirebaseAnalyticsWithoutAdIdSupport */; };
		524771592D37DD69002B09FE /* FirebaseAppCheck in Frameworks */ = {isa = PBXBuildFile; productRef = 524771582D37DD69002B09FE /* FirebaseAppCheck */; };
		5297F3A62D344E8E009E44B1 /* SwiftSoup in Frameworks */ = {isa = PBXBuildFile; productRef = 5297F3A52D344E8E009E44B1 /* SwiftSoup */; };
		52A447A72D31560F00FB10E2 /* .gitignore in Resources */ = {isa = PBXBuildFile; fileRef = 52A447A52D31560700FB10E2 /* .gitignore */; };
		52A447AA2D31562100FB10E2 /* README.md in Resources */ = {isa = PBXBuildFile; fileRef = 52A447A82D31561D00FB10E2 /* README.md */; };
		E31632A54AD758F2BC59255F /* Pods_Jessster.framework in Frameworks */ = {isa = PBXBuildFile; fileRef = C3DE034D2276F400E7222AC1 /* Pods_Jessster.framework */; };
/* End PBXBuildFile section */

/* Begin PBXFileReference section */
		51EF7045E06380B511E4E45A /* Pods-Jessster.release.xcconfig */ = {isa = PBXFileReference; includeInIndex = 1; lastKnownFileType = text.xcconfig; name = "Pods-Jessster.release.xcconfig"; path = "Target Support Files/Pods-Jessster/Pods-Jessster.release.xcconfig"; sourceTree = "<group>"; };
		52A4478F2D3155FD00FB10E2 /* Jessster.app */ = {isa = PBXFileReference; explicitFileType = wrapper.application; includeInIndex = 0; path = Jessster.app; sourceTree = BUILT_PRODUCTS_DIR; };
		52A447A52D31560700FB10E2 /* .gitignore */ = {isa = PBXFileReference; lastKnownFileType = text; path = .gitignore; sourceTree = "<group>"; };
		52A447A82D31561D00FB10E2 /* README.md */ = {isa = PBXFileReference; lastKnownFileType = net.daringfireball.markdown; path = README.md; sourceTree = "<group>"; };
		C3DE034D2276F400E7222AC1 /* Pods_Jessster.framework */ = {isa = PBXFileReference; explicitFileType = wrapper.framework; includeInIndex = 0; path = Pods_Jessster.framework; sourceTree = BUILT_PRODUCTS_DIR; };
		E152857D49F4BA757786258F /* Pods-Jessster.debug.xcconfig */ = {isa = PBXFileReference; includeInIndex = 1; lastKnownFileType = text.xcconfig; name = "Pods-Jessster.debug.xcconfig"; path = "Target Support Files/Pods-Jessster/Pods-Jessster.debug.xcconfig"; sourceTree = "<group>"; };
/* End PBXFileReference section */

/* Begin PBXFileSystemSynchronizedBuildFileExceptionSet section */
		52017D972D356CE200626DAE /* Exceptions for "Jessster" folder in "Jessster" target */ = {
			isa = PBXFileSystemSynchronizedBuildFileExceptionSet;
			membershipExceptions = (
				Info.plist,
			);
			target = 52A4478E2D3155FD00FB10E2 /* Jessster */;
		};
/* End PBXFileSystemSynchronizedBuildFileExceptionSet section */

/* Begin PBXFileSystemSynchronizedRootGroup section */
		52A447912D3155FD00FB10E2 /* Jessster */ = {
			isa = PBXFileSystemSynchronizedRootGroup;
			exceptions = (
				52017D972D356CE200626DAE /* Exceptions for "Jessster" folder in "Jessster" target */,
			);
			path = Jessster;
			sourceTree = "<group>";
		};
/* End PBXFileSystemSynchronizedRootGroup section */

/* Begin PBXFrameworksBuildPhase section */
		52A4478C2D3155FD00FB10E2 /* Frameworks */ = {
			isa = PBXFrameworksBuildPhase;
			buildActionMask = 2147483647;
			files = (
				524771592D37DD69002B09FE /* FirebaseAppCheck in Frameworks */,
				5297F3A62D344E8E009E44B1 /* SwiftSoup in Frameworks */,
				524771552D37DD69002B09FE /* FirebaseAnalyticsOnDeviceConversion in Frameworks */,
				E31632A54AD758F2BC59255F /* Pods_Jessster.framework in Frameworks */,
				52017D9C2D357BBC00626DAE /* GoogleSignIn in Frameworks */,
				524771572D37DD69002B09FE /* FirebaseAnalyticsWithoutAdIdSupport in Frameworks */,
				524771532D37DD69002B09FE /* FirebaseAnalytics in Frameworks */,
				52017D9E2D357BBC00626DAE /* GoogleSignInSwift in Frameworks */,
			);
			runOnlyForDeploymentPostprocessing = 0;
		};
/* End PBXFrameworksBuildPhase section */

/* Begin PBXGroup section */
		52A447862D3155FD00FB10E2 = {
			isa = PBXGroup;
			children = (
				52A447912D3155FD00FB10E2 /* Jessster */,
				52A447A82D31561D00FB10E2 /* README.md */,
				52A447A52D31560700FB10E2 /* .gitignore */,
				52A447902D3155FD00FB10E2 /* Products */,
				A0792B7C8E42112C5F65E300 /* Pods */,
				96777BD23FD56E05FEC3C463 /* Frameworks */,
			);
			sourceTree = "<group>";
		};
		52A447902D3155FD00FB10E2 /* Products */ = {
			isa = PBXGroup;
			children = (
				52A4478F2D3155FD00FB10E2 /* Jessster.app */,
			);
			name = Products;
			sourceTree = "<group>";
		};
		96777BD23FD56E05FEC3C463 /* Frameworks */ = {
			isa = PBXGroup;
			children = (
				C3DE034D2276F400E7222AC1 /* Pods_Jessster.framework */,
			);
			name = Frameworks;
			sourceTree = "<group>";
		};
		A0792B7C8E42112C5F65E300 /* Pods */ = {
			isa = PBXGroup;
			children = (
				E152857D49F4BA757786258F /* Pods-Jessster.debug.xcconfig */,
				51EF7045E06380B511E4E45A /* Pods-Jessster.release.xcconfig */,
			);
			path = Pods;
			sourceTree = "<group>";
		};
/* End PBXGroup section */

/* Begin PBXNativeTarget section */
		52A4478E2D3155FD00FB10E2 /* Jessster */ = {
			isa = PBXNativeTarget;
			buildConfigurationList = 52A447A22D31560100FB10E2 /* Build configuration list for PBXNativeTarget "Jessster" */;
			buildPhases = (
				42BD3923AE91CAEDE0038290 /* [CP] Check Pods Manifest.lock */,
				52A4478B2D3155FD00FB10E2 /* Sources */,
				52A4478C2D3155FD00FB10E2 /* Frameworks */,
				52A4478D2D3155FD00FB10E2 /* Resources */,
				E5AD7880AABC04F640776BF5 /* [CP] Embed Pods Frameworks */,
			);
			buildRules = (
			);
			dependencies = (
			);
			fileSystemSynchronizedGroups = (
				52A447912D3155FD00FB10E2 /* Jessster */,
			);
			name = Jessster;
			packageProductDependencies = (
				5297F3A52D344E8E009E44B1 /* SwiftSoup */,
				52017D9B2D357BBC00626DAE /* GoogleSignIn */,
				52017D9D2D357BBC00626DAE /* GoogleSignInSwift */,
				524771522D37DD69002B09FE /* FirebaseAnalytics */,
				524771542D37DD69002B09FE /* FirebaseAnalyticsOnDeviceConversion */,
				524771562D37DD69002B09FE /* FirebaseAnalyticsWithoutAdIdSupport */,
				524771582D37DD69002B09FE /* FirebaseAppCheck */,
			);
			productName = Jessster;
			productReference = 52A4478F2D3155FD00FB10E2 /* Jessster.app */;
			productType = "com.apple.product-type.application";
		};
/* End PBXNativeTarget section */

/* Begin PBXProject section */
		52A447872D3155FD00FB10E2 /* Project object */ = {
			isa = PBXProject;
			attributes = {
				BuildIndependentTargetsInParallel = 1;
				LastSwiftUpdateCheck = 1610;
				LastUpgradeCheck = 1610;
				TargetAttributes = {
					52A4478E2D3155FD00FB10E2 = {
						CreatedOnToolsVersion = 16.1;
					};
				};
			};
			buildConfigurationList = 52A4478A2D3155FD00FB10E2 /* Build configuration list for PBXProject "Jessster" */;
			developmentRegion = en;
			hasScannedForEncodings = 0;
			knownRegions = (
				en,
				Base,
			);
			mainGroup = 52A447862D3155FD00FB10E2;
			minimizedProjectReferenceProxies = 1;
			packageReferences = (
				5297F3A42D344E8E009E44B1 /* XCRemoteSwiftPackageReference "SwiftSoup" */,
				52017D9A2D357BBC00626DAE /* XCRemoteSwiftPackageReference "GoogleSignIn-iOS" */,
				524771512D37DD69002B09FE /* XCRemoteSwiftPackageReference "firebase-ios-sdk" */,
			);
			preferredProjectObjectVersion = 77;
			productRefGroup = 52A447902D3155FD00FB10E2 /* Products */;
			projectDirPath = "";
			projectRoot = "";
			targets = (
				52A4478E2D3155FD00FB10E2 /* Jessster */,
			);
		};
/* End PBXProject section */

/* Begin PBXResourcesBuildPhase section */
		52A4478D2D3155FD00FB10E2 /* Resources */ = {
			isa = PBXResourcesBuildPhase;
			buildActionMask = 2147483647;
			files = (
				52A447A72D31560F00FB10E2 /* .gitignore in Resources */,
				52A447AA2D31562100FB10E2 /* README.md in Resources */,
			);
			runOnlyForDeploymentPostprocessing = 0;
		};
/* End PBXResourcesBuildPhase section */

/* Begin PBXShellScriptBuildPhase section */
		42BD3923AE91CAEDE0038290 /* [CP] Check Pods Manifest.lock */ = {
			isa = PBXShellScriptBuildPhase;
			buildActionMask = 2147483647;
			files = (
			);
			inputFileListPaths = (
			);
			inputPaths = (
				"${PODS_PODFILE_DIR_PATH}/Podfile.lock",
				"${PODS_ROOT}/Manifest.lock",
			);
			name = "[CP] Check Pods Manifest.lock";
			outputFileListPaths = (
			);
			outputPaths = (
				"$(DERIVED_FILE_DIR)/Pods-Jessster-checkManifestLockResult.txt",
			);
			runOnlyForDeploymentPostprocessing = 0;
			shellPath = /bin/sh;
			shellScript = "diff \"${PODS_PODFILE_DIR_PATH}/Podfile.lock\" \"${PODS_ROOT}/Manifest.lock\" > /dev/null\nif [ $? != 0 ] ; then\n    # print error to STDERR\n    echo \"error: The sandbox is not in sync with the Podfile.lock. Run 'pod install' or update your CocoaPods installation.\" >&2\n    exit 1\nfi\n# This output is used by Xcode 'outputs' to avoid re-running this script phase.\necho \"SUCCESS\" > \"${SCRIPT_OUTPUT_FILE_0}\"\n";
			showEnvVarsInLog = 0;
		};
		E5AD7880AABC04F640776BF5 /* [CP] Embed Pods Frameworks */ = {
			isa = PBXShellScriptBuildPhase;
			buildActionMask = 2147483647;
			files = (
			);
			inputFileListPaths = (
				"${PODS_ROOT}/Target Support Files/Pods-Jessster/Pods-Jessster-frameworks-${CONFIGURATION}-input-files.xcfilelist",
			);
			name = "[CP] Embed Pods Frameworks";
			outputFileListPaths = (
				"${PODS_ROOT}/Target Support Files/Pods-Jessster/Pods-Jessster-frameworks-${CONFIGURATION}-output-files.xcfilelist",
			);
			runOnlyForDeploymentPostprocessing = 0;
			shellPath = /bin/sh;
			shellScript = "\"${PODS_ROOT}/Target Support Files/Pods-Jessster/Pods-Jessster-frameworks.sh\"\n";
			showEnvVarsInLog = 0;
		};
/* End PBXShellScriptBuildPhase section */

/* Begin PBXSourcesBuildPhase section */
		52A4478B2D3155FD00FB10E2 /* Sources */ = {
			isa = PBXSourcesBuildPhase;
			buildActionMask = 2147483647;
			files = (
			);
			runOnlyForDeploymentPostprocessing = 0;
		};
/* End PBXSourcesBuildPhase section */

/* Begin XCBuildConfiguration section */
		52A447A02D31560100FB10E2 /* Debug */ = {
			isa = XCBuildConfiguration;
			buildSettings = {
				ALWAYS_SEARCH_USER_PATHS = NO;
				ASSETCATALOG_COMPILER_GENERATE_SWIFT_ASSET_SYMBOL_EXTENSIONS = YES;
				CLANG_ANALYZER_NONNULL = YES;
				CLANG_ANALYZER_NUMBER_OBJECT_CONVERSION = YES_AGGRESSIVE;
				CLANG_CXX_LANGUAGE_STANDARD = "gnu++20";
				CLANG_ENABLE_MODULES = YES;
				CLANG_ENABLE_OBJC_ARC = YES;
				CLANG_ENABLE_OBJC_WEAK = YES;
				CLANG_WARN_BLOCK_CAPTURE_AUTORELEASING = YES;
				CLANG_WARN_BOOL_CONVERSION = YES;
				CLANG_WARN_COMMA = YES;
				CLANG_WARN_CONSTANT_CONVERSION = YES;
				CLANG_WARN_DEPRECATED_OBJC_IMPLEMENTATIONS = YES;
				CLANG_WARN_DIRECT_OBJC_ISA_USAGE = YES_ERROR;
				CLANG_WARN_DOCUMENTATION_COMMENTS = YES;
				CLANG_WARN_EMPTY_BODY = YES;
				CLANG_WARN_ENUM_CONVERSION = YES;
				CLANG_WARN_INFINITE_RECURSION = YES;
				CLANG_WARN_INT_CONVERSION = YES;
				CLANG_WARN_NON_LITERAL_NULL_CONVERSION = YES;
				CLANG_WARN_OBJC_IMPLICIT_RETAIN_SELF = YES;
				CLANG_WARN_OBJC_LITERAL_CONVERSION = YES;
				CLANG_WARN_OBJC_ROOT_CLASS = YES_ERROR;
				CLANG_WARN_QUOTED_INCLUDE_IN_FRAMEWORK_HEADER = YES;
				CLANG_WARN_RANGE_LOOP_ANALYSIS = YES;
				CLANG_WARN_STRICT_PROTOTYPES = YES;
				CLANG_WARN_SUSPICIOUS_MOVE = YES;
				CLANG_WARN_UNGUARDED_AVAILABILITY = YES_AGGRESSIVE;
				CLANG_WARN_UNREACHABLE_CODE = YES;
				CLANG_WARN__DUPLICATE_METHOD_MATCH = YES;
				COPY_PHASE_STRIP = NO;
				DEBUG_INFORMATION_FORMAT = dwarf;
				ENABLE_STRICT_OBJC_MSGSEND = YES;
				ENABLE_TESTABILITY = YES;
				ENABLE_USER_SCRIPT_SANDBOXING = YES;
				GCC_C_LANGUAGE_STANDARD = gnu17;
				GCC_DYNAMIC_NO_PIC = NO;
				GCC_NO_COMMON_BLOCKS = YES;
				GCC_OPTIMIZATION_LEVEL = 0;
				GCC_PREPROCESSOR_DEFINITIONS = (
					"DEBUG=1",
					"$(inherited)",
				);
				GCC_WARN_64_TO_32_BIT_CONVERSION = YES;
				GCC_WARN_ABOUT_RETURN_TYPE = YES_ERROR;
				GCC_WARN_UNDECLARED_SELECTOR = YES;
				GCC_WARN_UNINITIALIZED_AUTOS = YES_AGGRESSIVE;
				GCC_WARN_UNUSED_FUNCTION = YES;
				GCC_WARN_UNUSED_VARIABLE = YES;
				IPHONEOS_DEPLOYMENT_TARGET = 18.1;
				LOCALIZATION_PREFERS_STRING_CATALOGS = YES;
				MTL_ENABLE_DEBUG_INFO = INCLUDE_SOURCE;
				MTL_FAST_MATH = YES;
				ONLY_ACTIVE_ARCH = YES;
				SDKROOT = iphoneos;
				SWIFT_ACTIVE_COMPILATION_CONDITIONS = "DEBUG $(inherited)";
				SWIFT_OPTIMIZATION_LEVEL = "-Onone";
			};
			name = Debug;
		};
		52A447A12D31560100FB10E2 /* Release */ = {
			isa = XCBuildConfiguration;
			buildSettings = {
				ALWAYS_SEARCH_USER_PATHS = NO;
				ASSETCATALOG_COMPILER_GENERATE_SWIFT_ASSET_SYMBOL_EXTENSIONS = YES;
				CLANG_ANALYZER_NONNULL = YES;
				CLANG_ANALYZER_NUMBER_OBJECT_CONVERSION = YES_AGGRESSIVE;
				CLANG_CXX_LANGUAGE_STANDARD = "gnu++20";
				CLANG_ENABLE_MODULES = YES;
				CLANG_ENABLE_OBJC_ARC = YES;
				CLANG_ENABLE_OBJC_WEAK = YES;
				CLANG_WARN_BLOCK_CAPTURE_AUTORELEASING = YES;
				CLANG_WARN_BOOL_CONVERSION = YES;
				CLANG_WARN_COMMA = YES;
				CLANG_WARN_CONSTANT_CONVERSION = YES;
				CLANG_WARN_DEPRECATED_OBJC_IMPLEMENTATIONS = YES;
				CLANG_WARN_DIRECT_OBJC_ISA_USAGE = YES_ERROR;
				CLANG_WARN_DOCUMENTATION_COMMENTS = YES;
				CLANG_WARN_EMPTY_BODY = YES;
				CLANG_WARN_ENUM_CONVERSION = YES;
				CLANG_WARN_INFINITE_RECURSION = YES;
				CLANG_WARN_INT_CONVERSION = YES;
				CLANG_WARN_NON_LITERAL_NULL_CONVERSION = YES;
				CLANG_WARN_OBJC_IMPLICIT_RETAIN_SELF = YES;
				CLANG_WARN_OBJC_LITERAL_CONVERSION = YES;
				CLANG_WARN_OBJC_ROOT_CLASS = YES_ERROR;
				CLANG_WARN_QUOTED_INCLUDE_IN_FRAMEWORK_HEADER = YES;
				CLANG_WARN_RANGE_LOOP_ANALYSIS = YES;
				CLANG_WARN_STRICT_PROTOTYPES = YES;
				CLANG_WARN_SUSPICIOUS_MOVE = YES;
				CLANG_WARN_UNGUARDED_AVAILABILITY = YES_AGGRESSIVE;
				CLANG_WARN_UNREACHABLE_CODE = YES;
				CLANG_WARN__DUPLICATE_METHOD_MATCH = YES;
				COPY_PHASE_STRIP = NO;
				DEBUG_INFORMATION_FORMAT = "dwarf-with-dsym";
				ENABLE_NS_ASSERTIONS = NO;
				ENABLE_STRICT_OBJC_MSGSEND = YES;
				ENABLE_USER_SCRIPT_SANDBOXING = YES;
				GCC_C_LANGUAGE_STANDARD = gnu17;
				GCC_NO_COMMON_BLOCKS = YES;
				GCC_WARN_64_TO_32_BIT_CONVERSION = YES;
				GCC_WARN_ABOUT_RETURN_TYPE = YES_ERROR;
				GCC_WARN_UNDECLARED_SELECTOR = YES;
				GCC_WARN_UNINITIALIZED_AUTOS = YES_AGGRESSIVE;
				GCC_WARN_UNUSED_FUNCTION = YES;
				GCC_WARN_UNUSED_VARIABLE = YES;
				IPHONEOS_DEPLOYMENT_TARGET = 18.1;
				LOCALIZATION_PREFERS_STRING_CATALOGS = YES;
				MTL_ENABLE_DEBUG_INFO = NO;
				MTL_FAST_MATH = YES;
				SDKROOT = iphoneos;
				SWIFT_COMPILATION_MODE = wholemodule;
				VALIDATE_PRODUCT = YES;
			};
			name = Release;
		};
		52A447A32D31560100FB10E2 /* Debug */ = {
			isa = XCBuildConfiguration;
			baseConfigurationReference = E152857D49F4BA757786258F /* Pods-Jessster.debug.xcconfig */;
			buildSettings = {
				ASSETCATALOG_COMPILER_APPICON_NAME = AppIcon;
				ASSETCATALOG_COMPILER_GLOBAL_ACCENT_COLOR_NAME = AccentColor;
				CODE_SIGN_ENTITLEMENTS = Jessster/Jessster.entitlements;
				CODE_SIGN_STYLE = Automatic;
				CURRENT_PROJECT_VERSION = 1;
				DEVELOPMENT_ASSET_PATHS = "\"Jessster/Preview Content\"";
				DEVELOPMENT_TEAM = TGGQFAW4Y5;
				ENABLE_PREVIEWS = YES;
				ENABLE_USER_SCRIPT_SANDBOXING = NO;
				GENERATE_INFOPLIST_FILE = YES;
				INFOPLIST_FILE = Jessster/Info.plist;
				INFOPLIST_KEY_UIApplicationSceneManifest_Generation = YES;
				INFOPLIST_KEY_UIApplicationSupportsIndirectInputEvents = YES;
				INFOPLIST_KEY_UILaunchScreen_Generation = YES;
				INFOPLIST_KEY_UISupportedInterfaceOrientations_iPad = "UIInterfaceOrientationPortrait UIInterfaceOrientationPortraitUpsideDown UIInterfaceOrientationLandscapeLeft UIInterfaceOrientationLandscapeRight";
				INFOPLIST_KEY_UISupportedInterfaceOrientations_iPhone = "UIInterfaceOrientationPortrait UIInterfaceOrientationLandscapeLeft UIInterfaceOrientationLandscapeRight";
				IPHONEOS_DEPLOYMENT_TARGET = 16.6;
				LD_RUNPATH_SEARCH_PATHS = (
					"$(inherited)",
					"@executable_path/Frameworks",
				);
				MARKETING_VERSION = 1.0;
				PRODUCT_BUNDLE_IDENTIFIER = com.ios.Jessster;
				PRODUCT_NAME = "$(TARGET_NAME)";
				SWIFT_EMIT_LOC_STRINGS = YES;
				SWIFT_VERSION = 5.0;
				TARGETED_DEVICE_FAMILY = "1,2";
			};
			name = Debug;
		};
		52A447A42D31560100FB10E2 /* Release */ = {
			isa = XCBuildConfiguration;
			baseConfigurationReference = 51EF7045E06380B511E4E45A /* Pods-Jessster.release.xcconfig */;
			buildSettings = {
				ASSETCATALOG_COMPILER_APPICON_NAME = AppIcon;
				ASSETCATALOG_COMPILER_GLOBAL_ACCENT_COLOR_NAME = AccentColor;
				CODE_SIGN_ENTITLEMENTS = Jessster/Jessster.entitlements;
				CODE_SIGN_STYLE = Automatic;
				CURRENT_PROJECT_VERSION = 1;
				DEVELOPMENT_ASSET_PATHS = "\"Jessster/Preview Content\"";
				DEVELOPMENT_TEAM = TGGQFAW4Y5;
				ENABLE_PREVIEWS = YES;
				ENABLE_USER_SCRIPT_SANDBOXING = NO;
				GENERATE_INFOPLIST_FILE = YES;
				INFOPLIST_FILE = Jessster/Info.plist;
				INFOPLIST_KEY_UIApplicationSceneManifest_Generation = YES;
				INFOPLIST_KEY_UIApplicationSupportsIndirectInputEvents = YES;
				INFOPLIST_KEY_UILaunchScreen_Generation = YES;
				INFOPLIST_KEY_UISupportedInterfaceOrientations_iPad = "UIInterfaceOrientationPortrait UIInterfaceOrientationPortraitUpsideDown UIInterfaceOrientationLandscapeLeft UIInterfaceOrientationLandscapeRight";
				INFOPLIST_KEY_UISupportedInterfaceOrientations_iPhone = "UIInterfaceOrientationPortrait UIInterfaceOrientationLandscapeLeft UIInterfaceOrientationLandscapeRight";
				IPHONEOS_DEPLOYMENT_TARGET = 16.6;
				LD_RUNPATH_SEARCH_PATHS = (
					"$(inherited)",
					"@executable_path/Frameworks",
				);
				MARKETING_VERSION = 1.0;
				PRODUCT_BUNDLE_IDENTIFIER = com.ios.Jessster;
				PRODUCT_NAME = "$(TARGET_NAME)";
				SWIFT_EMIT_LOC_STRINGS = YES;
				SWIFT_VERSION = 5.0;
				TARGETED_DEVICE_FAMILY = "1,2";
			};
			name = Release;
		};
/* End XCBuildConfiguration section */

/* Begin XCConfigurationList section */
		52A4478A2D3155FD00FB10E2 /* Build configuration list for PBXProject "Jessster" */ = {
			isa = XCConfigurationList;
			buildConfigurations = (
				52A447A02D31560100FB10E2 /* Debug */,
				52A447A12D31560100FB10E2 /* Release */,
			);
			defaultConfigurationIsVisible = 0;
			defaultConfigurationName = Release;
		};
		52A447A22D31560100FB10E2 /* Build configuration list for PBXNativeTarget "Jessster" */ = {
			isa = XCConfigurationList;
			buildConfigurations = (
				52A447A32D31560100FB10E2 /* Debug */,
				52A447A42D31560100FB10E2 /* Release */,
			);
			defaultConfigurationIsVisible = 0;
			defaultConfigurationName = Release;
		};
/* End XCConfigurationList section */

/* Begin XCRemoteSwiftPackageReference section */
		52017D9A2D357BBC00626DAE /* XCRemoteSwiftPackageReference "GoogleSignIn-iOS" */ = {
			isa = XCRemoteSwiftPackageReference;
			repositoryURL = "https://github.com/google/GoogleSignIn-iOS.git";
			requirement = {
				kind = upToNextMajorVersion;
				minimumVersion = 8.0.0;
			};
		};
		524771512D37DD69002B09FE /* XCRemoteSwiftPackageReference "firebase-ios-sdk" */ = {
			isa = XCRemoteSwiftPackageReference;
			repositoryURL = "https://github.com/firebase/firebase-ios-sdk";
			requirement = {
				kind = upToNextMajorVersion;
				minimumVersion = 11.7.0;
			};
		};
		5297F3A42D344E8E009E44B1 /* XCRemoteSwiftPackageReference "SwiftSoup" */ = {
			isa = XCRemoteSwiftPackageReference;
			repositoryURL = "https://github.com/scinfu/SwiftSoup";
			requirement = {
				kind = upToNextMajorVersion;
				minimumVersion = 2.7.6;
			};
		};
/* End XCRemoteSwiftPackageReference section */

/* Begin XCSwiftPackageProductDependency section */
		52017D9B2D357BBC00626DAE /* GoogleSignIn */ = {
			isa = XCSwiftPackageProductDependency;
			package = 52017D9A2D357BBC00626DAE /* XCRemoteSwiftPackageReference "GoogleSignIn-iOS" */;
			productName = GoogleSignIn;
		};
		52017D9D2D357BBC00626DAE /* GoogleSignInSwift */ = {
			isa = XCSwiftPackageProductDependency;
			package = 52017D9A2D357BBC00626DAE /* XCRemoteSwiftPackageReference "GoogleSignIn-iOS" */;
			productName = GoogleSignInSwift;
		};
		524771522D37DD69002B09FE /* FirebaseAnalytics */ = {
			isa = XCSwiftPackageProductDependency;
			package = 524771512D37DD69002B09FE /* XCRemoteSwiftPackageReference "firebase-ios-sdk" */;
			productName = FirebaseAnalytics;
		};
		524771542D37DD69002B09FE /* FirebaseAnalyticsOnDeviceConversion */ = {
			isa = XCSwiftPackageProductDependency;
			package = 524771512D37DD69002B09FE /* XCRemoteSwiftPackageReference "firebase-ios-sdk" */;
			productName = FirebaseAnalyticsOnDeviceConversion;
		};
		524771562D37DD69002B09FE /* FirebaseAnalyticsWithoutAdIdSupport */ = {
			isa = XCSwiftPackageProductDependency;
			package = 524771512D37DD69002B09FE /* XCRemoteSwiftPackageReference "firebase-ios-sdk" */;
			productName = FirebaseAnalyticsWithoutAdIdSupport;
		};
		524771582D37DD69002B09FE /* FirebaseAppCheck */ = {
			isa = XCSwiftPackageProductDependency;
			package = 524771512D37DD69002B09FE /* XCRemoteSwiftPackageReference "firebase-ios-sdk" */;
			productName = FirebaseAppCheck;
		};
		5297F3A52D344E8E009E44B1 /* SwiftSoup */ = {
			isa = XCSwiftPackageProductDependency;
			package = 5297F3A42D344E8E009E44B1 /* XCRemoteSwiftPackageReference "SwiftSoup" */;
			productName = SwiftSoup;
		};
/* End XCSwiftPackageProductDependency section */
	};
	rootObject = 52A447872D3155FD00FB10E2 /* Project object */;
}
